
Microsoft Visual Studio Solution File, Format Version 12.00
# Visual Studio 2012
Project("{8BC9CEB8-8B4A-11D0-8D11-00A0C91BC942}") = "nyanGeoLib2012", "nyanGeoLib2012.vcxproj", "{29A02F30-5306-4B07-AD92-E679D33B1983}"
EndProject
Global
	GlobalSection(SolutionConfigurationPlatforms) = preSolution
		Debug|Win32 = Debug|Win32
		Release|Win32 = Release|Win32
	EndGlobalSection
	GlobalSection(ProjectConfigurationPlatforms) = postSolution
		{29A02F30-5306-4B07-AD92-E679D33B1983}.Debug|Win32.ActiveCfg = Debug|Win32
		{29A02F30-5306-4B07-AD92-E679D33B1983}.Debug|Win32.Build.0 = Debug|Win32
		{29A02F30-5306-4B07-AD92-E679D33B1983}.Release|Win32.ActiveCfg = Release|Win32
		{29A02F30-5306-4B07-AD92-E679D33B1983}.Release|Win32.Build.0 = Release|Win32
	EndGlobalSection
	GlobalSection(SolutionProperties) = preSolution
		HideSolutionNode = FALSE
	EndGlobalSection
EndGlobal
