
Microsoft Visual Studio Solution File, Format Version 12.00
# Visual Studio 2012
Project("{8BC9CEB8-8B4A-11D0-8D11-00A0C91BC942}") = "nyanEffectWipeLib2012", "nyanEffectWipeLib2012.vcxproj", "{58CC3C7A-7EAA-44C4-9895-BD2324EE0B2D}"
EndProject
Global
	GlobalSection(SolutionConfigurationPlatforms) = preSolution
		Debug|Win32 = Debug|Win32
		Release|Win32 = Release|Win32
	EndGlobalSection
	GlobalSection(ProjectConfigurationPlatforms) = postSolution
		{58CC3C7A-7EAA-44C4-9895-BD2324EE0B2D}.Debug|Win32.ActiveCfg = Debug|Win32
		{58CC3C7A-7EAA-44C4-9895-BD2324EE0B2D}.Debug|Win32.Build.0 = Debug|Win32
		{58CC3C7A-7EAA-44C4-9895-BD2324EE0B2D}.Release|Win32.ActiveCfg = Release|Win32
		{58CC3C7A-7EAA-44C4-9895-BD2324EE0B2D}.Release|Win32.Build.0 = Release|Win32
	EndGlobalSection
	GlobalSection(SolutionProperties) = preSolution
		HideSolutionNode = FALSE
	EndGlobalSection
EndGlobal
