
Microsoft Visual Studio Solution File, Format Version 12.00
# Visual Studio 2012
Project("{8BC9CEB8-8B4A-11D0-8D11-00A0C91BC942}") = "nyanEffectEtcLib2012", "nyanEffectEtcLib2012.vcxproj", "{93B2FC73-3C1F-4AF3-A60B-6371B987121A}"
EndProject
Global
	GlobalSection(SolutionConfigurationPlatforms) = preSolution
		Debug|Win32 = Debug|Win32
		Release|Win32 = Release|Win32
	EndGlobalSection
	GlobalSection(ProjectConfigurationPlatforms) = postSolution
		{93B2FC73-3C1F-4AF3-A60B-6371B987121A}.Debug|Win32.ActiveCfg = Debug|Win32
		{93B2FC73-3C1F-4AF3-A60B-6371B987121A}.Debug|Win32.Build.0 = Debug|Win32
		{93B2FC73-3C1F-4AF3-A60B-6371B987121A}.Release|Win32.ActiveCfg = Release|Win32
		{93B2FC73-3C1F-4AF3-A60B-6371B987121A}.Release|Win32.Build.0 = Release|Win32
	EndGlobalSection
	GlobalSection(SolutionProperties) = preSolution
		HideSolutionNode = FALSE
	EndGlobalSection
EndGlobal
