
Microsoft Visual Studio Solution File, Format Version 12.00
# Visual Studio 2012
Project("{8BC9CEB8-8B4A-11D0-8D11-00A0C91BC942}") = "nyanLib2012", "nyanLib2012.vcxproj", "{5F64742F-4324-4728-A63A-5051DFF28062}"
EndProject
Global
	GlobalSection(SolutionConfigurationPlatforms) = preSolution
		Debug|Win32 = Debug|Win32
		Release|Win32 = Release|Win32
	EndGlobalSection
	GlobalSection(ProjectConfigurationPlatforms) = postSolution
		{5F64742F-4324-4728-A63A-5051DFF28062}.Debug|Win32.ActiveCfg = Debug|Win32
		{5F64742F-4324-4728-A63A-5051DFF28062}.Debug|Win32.Build.0 = Debug|Win32
		{5F64742F-4324-4728-A63A-5051DFF28062}.Release|Win32.ActiveCfg = Release|Win32
		{5F64742F-4324-4728-A63A-5051DFF28062}.Release|Win32.Build.0 = Release|Win32
	EndGlobalSection
	GlobalSection(SolutionProperties) = preSolution
		HideSolutionNode = FALSE
	EndGlobalSection
EndGlobal
