
Microsoft Visual Studio Solution File, Format Version 12.00
# Visual Studio 2012
Project("{8BC9CEB8-8B4A-11D0-8D11-00A0C91BC942}") = "nyanEffectAnimeLib2012", "nyanEffectAnimeLib2012.vcxproj", "{E456B8A6-5FBF-46BE-A6B0-C057C86C6346}"
EndProject
Global
	GlobalSection(SolutionConfigurationPlatforms) = preSolution
		Debug|Win32 = Debug|Win32
		Release|Win32 = Release|Win32
	EndGlobalSection
	GlobalSection(ProjectConfigurationPlatforms) = postSolution
		{E456B8A6-5FBF-46BE-A6B0-C057C86C6346}.Debug|Win32.ActiveCfg = Debug|Win32
		{E456B8A6-5FBF-46BE-A6B0-C057C86C6346}.Debug|Win32.Build.0 = Debug|Win32
		{E456B8A6-5FBF-46BE-A6B0-C057C86C6346}.Release|Win32.ActiveCfg = Release|Win32
		{E456B8A6-5FBF-46BE-A6B0-C057C86C6346}.Release|Win32.Build.0 = Release|Win32
	EndGlobalSection
	GlobalSection(SolutionProperties) = preSolution
		HideSolutionNode = FALSE
	EndGlobalSection
EndGlobal
