
Microsoft Visual Studio Solution File, Format Version 12.00
# Visual Studio 2012
Project("{8BC9CEB8-8B4A-11D0-8D11-00A0C91BC942}") = "nyanEffectScreenLib2012", "nyanEffectScreenLib2012.vcxproj", "{79D05D39-310E-43E4-AACE-774DC069F557}"
EndProject
Global
	GlobalSection(SolutionConfigurationPlatforms) = preSolution
		Debug|Win32 = Debug|Win32
		Release|Win32 = Release|Win32
	EndGlobalSection
	GlobalSection(ProjectConfigurationPlatforms) = postSolution
		{79D05D39-310E-43E4-AACE-774DC069F557}.Debug|Win32.ActiveCfg = Debug|Win32
		{79D05D39-310E-43E4-AACE-774DC069F557}.Debug|Win32.Build.0 = Debug|Win32
		{79D05D39-310E-43E4-AACE-774DC069F557}.Release|Win32.ActiveCfg = Release|Win32
		{79D05D39-310E-43E4-AACE-774DC069F557}.Release|Win32.Build.0 = Release|Win32
	EndGlobalSection
	GlobalSection(SolutionProperties) = preSolution
		HideSolutionNode = FALSE
	EndGlobalSection
EndGlobal
