
Microsoft Visual Studio Solution File, Format Version 12.00
# Visual Studio 2012
Project("{8BC9CEB8-8B4A-11D0-8D11-00A0C91BC942}") = "nyanEffectSpecialLib2012", "nyanEffectSpecialLib2012.vcxproj", "{E00E2653-6DB1-4BAE-B68D-C13A08EFB63E}"
EndProject
Global
	GlobalSection(SolutionConfigurationPlatforms) = preSolution
		Debug|Win32 = Debug|Win32
		Release|Win32 = Release|Win32
	EndGlobalSection
	GlobalSection(ProjectConfigurationPlatforms) = postSolution
		{E00E2653-6DB1-4BAE-B68D-C13A08EFB63E}.Debug|Win32.ActiveCfg = Debug|Win32
		{E00E2653-6DB1-4BAE-B68D-C13A08EFB63E}.Debug|Win32.Build.0 = Debug|Win32
		{E00E2653-6DB1-4BAE-B68D-C13A08EFB63E}.Release|Win32.ActiveCfg = Release|Win32
		{E00E2653-6DB1-4BAE-B68D-C13A08EFB63E}.Release|Win32.Build.0 = Release|Win32
	EndGlobalSection
	GlobalSection(SolutionProperties) = preSolution
		HideSolutionNode = FALSE
	EndGlobalSection
EndGlobal
