
Microsoft Visual Studio Solution File, Format Version 12.00
# Visual Studio 2012
Project("{8BC9CEB8-8B4A-11D0-8D11-00A0C91BC942}") = "nyanEffectNaturalLib2012", "nyanEffectNaturalLib2012.vcxproj", "{31E1AFBF-DC1E-46BA-BF3E-32525AE21B37}"
EndProject
Global
	GlobalSection(SolutionConfigurationPlatforms) = preSolution
		Debug|Win32 = Debug|Win32
		Release|Win32 = Release|Win32
	EndGlobalSection
	GlobalSection(ProjectConfigurationPlatforms) = postSolution
		{31E1AFBF-DC1E-46BA-BF3E-32525AE21B37}.Debug|Win32.ActiveCfg = Debug|Win32
		{31E1AFBF-DC1E-46BA-BF3E-32525AE21B37}.Debug|Win32.Build.0 = Debug|Win32
		{31E1AFBF-DC1E-46BA-BF3E-32525AE21B37}.Release|Win32.ActiveCfg = Release|Win32
		{31E1AFBF-DC1E-46BA-BF3E-32525AE21B37}.Release|Win32.Build.0 = Release|Win32
	EndGlobalSection
	GlobalSection(SolutionProperties) = preSolution
		HideSolutionNode = FALSE
	EndGlobalSection
EndGlobal
