
Microsoft Visual Studio Solution File, Format Version 12.00
# Visual Studio 2012
Project("{8BC9CEB8-8B4A-11D0-8D11-00A0C91BC942}") = "nyanWipeLib2012", "nyanWipeLib2012.vcxproj", "{72FFAFF3-D789-4090-96A3-791BA789E9EB}"
EndProject
Global
	GlobalSection(SolutionConfigurationPlatforms) = preSolution
		Debug|Win32 = Debug|Win32
		Release|Win32 = Release|Win32
	EndGlobalSection
	GlobalSection(ProjectConfigurationPlatforms) = postSolution
		{72FFAFF3-D789-4090-96A3-791BA789E9EB}.Debug|Win32.ActiveCfg = Debug|Win32
		{72FFAFF3-D789-4090-96A3-791BA789E9EB}.Debug|Win32.Build.0 = Debug|Win32
		{72FFAFF3-D789-4090-96A3-791BA789E9EB}.Release|Win32.ActiveCfg = Release|Win32
		{72FFAFF3-D789-4090-96A3-791BA789E9EB}.Release|Win32.Build.0 = Release|Win32
	EndGlobalSection
	GlobalSection(SolutionProperties) = preSolution
		HideSolutionNode = FALSE
	EndGlobalSection
EndGlobal
