<?xml version="1.0" encoding="utf-8"?>
<Project ToolsVersion="4.0" xmlns="http://schemas.microsoft.com/developer/msbuild/2003">
  <ItemGroup>
    <Filter Include="ソース ファイル">
      <UniqueIdentifier>{4FC737F1-C7A5-4376-A066-2A32D752A2FF}</UniqueIdentifier>
      <Extensions>cpp;c;cc;cxx;def;odl;idl;hpj;bat;asm;asmx</Extensions>
    </Filter>
    <Filter Include="ヘッダー ファイル">
      <UniqueIdentifier>{93995380-89BD-4b04-88EB-625FBE52EBFB}</UniqueIdentifier>
      <Extensions>h;hpp;hxx;hm;inl;inc;xsd</Extensions>
    </Filter>
    <Filter Include="リソース ファイル">
      <UniqueIdentifier>{67DA6AB6-F800-4c08-8B7A-83BB121AAD01}</UniqueIdentifier>
      <Extensions>rc;ico;cur;bmp;dlg;rc2;rct;bin;rgs;gif;jpg;jpeg;jpe;resx;tiff;tif;png;wav;mfcribbon-ms</Extensions>
    </Filter>
  </ItemGroup>
  <ItemGroup>
    <Text Include="ReadMe.txt" />
  </ItemGroup>
  <ItemGroup>
    <ClInclude Include="..\..\systemNNN\nyanPictureLib\addBlt.h">
      <Filter>ヘッダー ファイル</Filter>
    </ClInclude>
    <ClInclude Include="..\..\systemNNN\nyanPictureLib\addSubBlt.h">
      <Filter>ヘッダー ファイル</Filter>
    </ClInclude>
    <ClInclude Include="..\..\systemNNN\nyanPictureLib\BLT.H">
      <Filter>ヘッダー ファイル</Filter>
    </ClInclude>
    <ClInclude Include="..\..\systemNNN\nyanPictureLib\BLT256.H">
      <Filter>ヘッダー ファイル</Filter>
    </ClInclude>
    <ClInclude Include="..\..\systemNNN\nyanPictureLib\blt256Beta.h">
      <Filter>ヘッダー ファイル</Filter>
    </ClInclude>
    <ClInclude Include="..\..\systemNNN\nyanPictureLib\bltBeta.h">
      <Filter>ヘッダー ファイル</Filter>
    </ClInclude>
    <ClInclude Include="..\..\systemNNN\nyanPictureLib\changeTransLucentBlt.h">
      <Filter>ヘッダー ファイル</Filter>
    </ClInclude>
    <ClInclude Include="..\..\systemNNN\nyanPictureLib\colorAddBlt.h">
      <Filter>ヘッダー ファイル</Filter>
    </ClInclude>
    <ClInclude Include="..\..\systemNNN\nyanPictureLib\colorBlt.h">
      <Filter>ヘッダー ファイル</Filter>
    </ClInclude>
    <ClInclude Include="..\..\systemNNN\nyanPictureLib\genshoku16.h">
      <Filter>ヘッダー ファイル</Filter>
    </ClInclude>
    <ClInclude Include="..\..\systemNNN\nyanPictureLib\gradationShapeBlt.h">
      <Filter>ヘッダー ファイル</Filter>
    </ClInclude>
    <ClInclude Include="..\..\systemNNN\nyanPictureLib\GREYBLT.H">
      <Filter>ヘッダー ファイル</Filter>
    </ClInclude>
    <ClInclude Include="..\..\systemNNN\nyanPictureLib\GREYBLT2.H">
      <Filter>ヘッダー ファイル</Filter>
    </ClInclude>
    <ClInclude Include="..\..\systemNNN\nyanPictureLib\jpegdecoder.h">
      <Filter>ヘッダー ファイル</Filter>
    </ClInclude>
    <ClInclude Include="..\..\systemNNN\nyanPictureLib\lightBlt.h">
      <Filter>ヘッダー ファイル</Filter>
    </ClInclude>
    <ClInclude Include="..\..\systemNNN\nyanPictureLib\maskBlt.h">
      <Filter>ヘッダー ファイル</Filter>
    </ClInclude>
    <ClInclude Include="..\..\systemNNN\nyanPictureLib\negaBlt.h">
      <Filter>ヘッダー ファイル</Filter>
    </ClInclude>
    <ClInclude Include="..\..\systemNNN\nyanPictureLib\overrapBlt.h">
      <Filter>ヘッダー ファイル</Filter>
    </ClInclude>
    <ClInclude Include="..\..\systemNNN\nyanPictureLib\pngLoader.h">
      <Filter>ヘッダー ファイル</Filter>
    </ClInclude>
    <ClInclude Include="..\..\systemNNN\nyanPictureLib\REDBLT.H">
      <Filter>ヘッダー ファイル</Filter>
    </ClInclude>
    <ClInclude Include="..\..\systemNNN\nyanPictureLib\sepiaBlt.h">
      <Filter>ヘッダー ファイル</Filter>
    </ClInclude>
    <ClInclude Include="..\..\systemNNN\nyanPictureLib\shapeBlt.h">
      <Filter>ヘッダー ファイル</Filter>
    </ClInclude>
    <ClInclude Include="..\..\systemNNN\nyanPictureLib\stretchAddSubBlt.h">
      <Filter>ヘッダー ファイル</Filter>
    </ClInclude>
    <ClInclude Include="..\..\systemNNN\nyanPictureLib\stretchBlt.h">
      <Filter>ヘッダー ファイル</Filter>
    </ClInclude>
    <ClInclude Include="..\..\systemNNN\nyanPictureLib\transLucentBlt.h">
      <Filter>ヘッダー ファイル</Filter>
    </ClInclude>
    <ClInclude Include="..\..\systemNNN\nyanPictureLib\transLucentBlt0.h">
      <Filter>ヘッダー ファイル</Filter>
    </ClInclude>
    <ClInclude Include="..\..\systemNNN\nyanPictureLib\transLucentBlt2.h">
      <Filter>ヘッダー ファイル</Filter>
    </ClInclude>
    <ClInclude Include="..\..\systemNNN\nyanPictureLib\transLucentBlt3.h">
      <Filter>ヘッダー ファイル</Filter>
    </ClInclude>
    <ClInclude Include="..\..\systemNNN\nyanPictureLib\yuvChangeBlt.h">
      <Filter>ヘッダー ファイル</Filter>
    </ClInclude>
  </ItemGroup>
  <ItemGroup>
    <ClCompile Include="..\..\systemNNN\nyanPictureLib\addBlt.cpp">
      <Filter>ソース ファイル</Filter>
    </ClCompile>
    <ClCompile Include="..\..\systemNNN\nyanPictureLib\addSubBlt.cpp">
      <Filter>ソース ファイル</Filter>
    </ClCompile>
    <ClCompile Include="..\..\systemNNN\nyanPictureLib\allPicture.cpp">
      <Filter>ソース ファイル</Filter>
    </ClCompile>
    <ClCompile Include="..\..\systemNNN\nyanPictureLib\BLT.CPP">
      <Filter>ソース ファイル</Filter>
    </ClCompile>
    <ClCompile Include="..\..\systemNNN\nyanPictureLib\BLT256.CPP">
      <Filter>ソース ファイル</Filter>
    </ClCompile>
    <ClCompile Include="..\..\systemNNN\nyanPictureLib\blt256Beta.cpp">
      <Filter>ソース ファイル</Filter>
    </ClCompile>
    <ClCompile Include="..\..\systemNNN\nyanPictureLib\bltBeta.cpp">
      <Filter>ソース ファイル</Filter>
    </ClCompile>
    <ClCompile Include="..\..\systemNNN\nyanPictureLib\changeTransLucentBlt.cpp">
      <Filter>ソース ファイル</Filter>
    </ClCompile>
    <ClCompile Include="..\..\systemNNN\nyanPictureLib\colorAddBlt.cpp">
      <Filter>ソース ファイル</Filter>
    </ClCompile>
    <ClCompile Include="..\..\systemNNN\nyanPictureLib\colorBlt.cpp">
      <Filter>ソース ファイル</Filter>
    </ClCompile>
    <ClCompile Include="..\..\systemNNN\nyanPictureLib\genshoku16.cpp">
      <Filter>ソース ファイル</Filter>
    </ClCompile>
    <ClCompile Include="..\..\systemNNN\nyanPictureLib\gradationShapeBlt.cpp">
      <Filter>ソース ファイル</Filter>
    </ClCompile>
    <ClCompile Include="..\..\systemNNN\nyanPictureLib\GREYBLT.CPP">
      <Filter>ソース ファイル</Filter>
    </ClCompile>
    <ClCompile Include="..\..\systemNNN\nyanPictureLib\GREYBLT2.CPP">
      <Filter>ソース ファイル</Filter>
    </ClCompile>
    <ClCompile Include="..\..\systemNNN\nyanPictureLib\jpegdecoder.cpp">
      <Filter>ソース ファイル</Filter>
    </ClCompile>
    <ClCompile Include="..\..\systemNNN\nyanPictureLib\lightBlt.cpp">
      <Filter>ソース ファイル</Filter>
    </ClCompile>
    <ClCompile Include="..\..\systemNNN\nyanPictureLib\maskBlt.cpp">
      <Filter>ソース ファイル</Filter>
    </ClCompile>
    <ClCompile Include="..\..\systemNNN\nyanPictureLib\negaBlt.cpp">
      <Filter>ソース ファイル</Filter>
    </ClCompile>
    <ClCompile Include="..\..\systemNNN\nyanPictureLib\overrapBlt.cpp">
      <Filter>ソース ファイル</Filter>
    </ClCompile>
    <ClCompile Include="..\..\systemNNN\nyanPictureLib\Picture.cpp">
      <Filter>ソース ファイル</Filter>
    </ClCompile>
    <ClCompile Include="..\..\systemNNN\nyanPictureLib\pngLoader.cpp">
      <Filter>ソース ファイル</Filter>
    </ClCompile>
    <ClCompile Include="..\..\systemNNN\nyanPictureLib\REDBLT.CPP">
      <Filter>ソース ファイル</Filter>
    </ClCompile>
    <ClCompile Include="..\..\systemNNN\nyanPictureLib\sepiaBlt.cpp">
      <Filter>ソース ファイル</Filter>
    </ClCompile>
    <ClCompile Include="..\..\systemNNN\nyanPictureLib\shapeBlt.cpp">
      <Filter>ソース ファイル</Filter>
    </ClCompile>
    <ClCompile Include="..\..\systemNNN\nyanPictureLib\stretchAddSubBlt.cpp">
      <Filter>ソース ファイル</Filter>
    </ClCompile>
    <ClCompile Include="..\..\systemNNN\nyanPictureLib\stretchBlt.cpp">
      <Filter>ソース ファイル</Filter>
    </ClCompile>
    <ClCompile Include="..\..\systemNNN\nyanPictureLib\transLucentBlt.cpp">
      <Filter>ソース ファイル</Filter>
    </ClCompile>
    <ClCompile Include="..\..\systemNNN\nyanPictureLib\transLucentBlt0.cpp">
      <Filter>ソース ファイル</Filter>
    </ClCompile>
    <ClCompile Include="..\..\systemNNN\nyanPictureLib\transLucentBlt2.cpp">
      <Filter>ソース ファイル</Filter>
    </ClCompile>
    <ClCompile Include="..\..\systemNNN\nyanPictureLib\transLucentBlt3.cpp">
      <Filter>ソース ファイル</Filter>
    </ClCompile>
    <ClCompile Include="..\..\systemNNN\nyanPictureLib\yuvChangeBlt.cpp">
      <Filter>ソース ファイル</Filter>
    </ClCompile>
  </ItemGroup>
</Project>